<?xml version="1.0" encoding="utf-8"?>
<Project ToolsVersion="4.0" xmlns="http://schemas.microsoft.com/developer/msbuild/2003">
  <ItemGroup>
    <Filter Include="源文件">
      <UniqueIdentifier>{4FC737F1-C7A5-4376-A066-2A32D752A2FF}</UniqueIdentifier>
      <Extensions>cpp;c;cc;cxx;def;odl;idl;hpj;bat;asm;asmx</Extensions>
    </Filter>
    <Filter Include="头文件">
      <UniqueIdentifier>{93995380-89BD-4b04-88EB-625FBE52EBFB}</UniqueIdentifier>
      <Extensions>h;hpp;hxx;hm;inl;inc;xsd</Extensions>
    </Filter>
    <Filter Include="资源文件">
      <UniqueIdentifier>{67DA6AB6-F800-4c08-8B7A-83BB121AAD01}</UniqueIdentifier>
      <Extensions>rc;ico;cur;bmp;dlg;rc2;rct;bin;rgs;gif;jpg;jpeg;jpe;resx;tiff;tif;png;wav;mfcribbon-ms</Extensions>
    </Filter>
    <Filter Include="include">
      <UniqueIdentifier>{fbdec258-c98b-465b-897a-6e4decac86cb}</UniqueIdentifier>
    </Filter>
    <Filter Include="头文件\driver">
      <UniqueIdentifier>{316fabc1-61fd-4217-aff1-450be868b7fa}</UniqueIdentifier>
    </Filter>
    <Filter Include="http">
      <UniqueIdentifier>{987b37d8-c5a2-4d16-9553-6444945e83db}</UniqueIdentifier>
    </Filter>
  </ItemGroup>
  <ItemGroup>
    <ClInclude Include="..\include\at_custom.h">
      <Filter>include</Filter>
    </ClInclude>
    <ClInclude Include="..\include\c_types.h">
      <Filter>include</Filter>
    </ClInclude>
    <ClInclude Include="..\include\eagle_soc.h">
      <Filter>include</Filter>
    </ClInclude>
    <ClInclude Include="..\include\espconn.h">
      <Filter>include</Filter>
    </ClInclude>
    <ClInclude Include="..\include\espnow.h">
      <Filter>include</Filter>
    </ClInclude>
    <ClInclude Include="..\include\ets_sys.h">
      <Filter>include</Filter>
    </ClInclude>
    <ClInclude Include="..\include\gpio.h">
      <Filter>include</Filter>
    </ClInclude>
    <ClInclude Include="..\include\ip_addr.h">
      <Filter>include</Filter>
    </ClInclude>
    <ClInclude Include="..\include\json\json.h">
      <Filter>include</Filter>
    </ClInclude>
    <ClInclude Include="..\include\json\jsonparse.h">
      <Filter>include</Filter>
    </ClInclude>
    <ClInclude Include="..\include\json\jsontree.h">
      <Filter>include</Filter>
    </ClInclude>
    <ClInclude Include="..\include\mem.h">
      <Filter>include</Filter>
    </ClInclude>
    <ClInclude Include="..\include\osapi.h">
      <Filter>include</Filter>
    </ClInclude>
    <ClInclude Include="..\include\os_type.h">
      <Filter>include</Filter>
    </ClInclude>
    <ClInclude Include="..\include\ping.h">
      <Filter>include</Filter>
    </ClInclude>
    <ClInclude Include="..\include\pwm.h">
      <Filter>include</Filter>
    </ClInclude>
    <ClInclude Include="..\include\queue.h">
      <Filter>include</Filter>
    </ClInclude>
    <ClInclude Include="..\include\smartconfig.h">
      <Filter>include</Filter>
    </ClInclude>
    <ClInclude Include="..\include\sntp.h">
      <Filter>include</Filter>
    </ClInclude>
    <ClInclude Include="..\include\spi_flash.h">
      <Filter>include</Filter>
    </ClInclude>
    <ClInclude Include="..\include\upgrade.h">
      <Filter>include</Filter>
    </ClInclude>
    <ClInclude Include="..\include\user_interface.h">
      <Filter>include</Filter>
    </ClInclude>
    <ClInclude Include="include\driver\uart_register.h">
      <Filter>头文件\driver</Filter>
    </ClInclude>
    <ClInclude Include="include\driver\gpio16.h">
      <Filter>头文件\driver</Filter>
    </ClInclude>
    <ClInclude Include="include\driver\i2c_master.h">
      <Filter>头文件\driver</Filter>
    </ClInclude>
    <ClInclude Include="include\driver\key.h">
      <Filter>头文件\driver</Filter>
    </ClInclude>
    <ClInclude Include="include\driver\spi.h">
      <Filter>头文件\driver</Filter>
    </ClInclude>
    <ClInclude Include="include\driver\spi_overlap.h">
      <Filter>头文件\driver</Filter>
    </ClInclude>
    <ClInclude Include="include\driver\spi_register.h">
      <Filter>头文件\driver</Filter>
    </ClInclude>
    <ClInclude Include="include\driver\uart.h">
      <Filter>头文件\driver</Filter>
    </ClInclude>
    <ClInclude Include="user\uwork.h">
      <Filter>头文件</Filter>
    </ClInclude>
    <ClInclude Include="user\data_struct.h">
      <Filter>头文件</Filter>
    </ClInclude>
    <ClInclude Include="user\trans_realtime.h">
      <Filter>头文件</Filter>
    </ClInclude>
    <ClInclude Include="user\hxnet-protocol.h">
      <Filter>头文件</Filter>
    </ClInclude>
    <ClInclude Include="user\hx-crc.h">
      <Filter>头文件</Filter>
    </ClInclude>
    <ClInclude Include="user\json_do.h">
      <Filter>头文件</Filter>
    </ClInclude>
    <ClInclude Include="user\urlcode.h">
      <Filter>http</Filter>
    </ClInclude>
    <ClInclude Include="user\http_serv.h">
      <Filter>http</Filter>
    </ClInclude>
    <ClInclude Include="user\webPageAP.h">
      <Filter>头文件</Filter>
    </ClInclude>
    <ClInclude Include="user\JsonErrAP.h">
      <Filter>头文件</Filter>
    </ClInclude>
    <ClInclude Include="user\c_base64.h">
      <Filter>头文件</Filter>
    </ClInclude>
  </ItemGroup>
  <ItemGroup>
    <ClCompile Include="user\user_main.c">
      <Filter>源文件</Filter>
    </ClCompile>
    <ClCompile Include="user\uart.c">
      <Filter>源文件</Filter>
    </ClCompile>
    <ClCompile Include="include\driver\spi_overlap.c">
      <Filter>头文件\driver</Filter>
    </ClCompile>
    <ClCompile Include="user\uwork.c">
      <Filter>源文件</Filter>
    </ClCompile>
    <ClCompile Include="user\key.c">
      <Filter>源文件</Filter>
    </ClCompile>
    <ClCompile Include="user\trans_realtime.c">
      <Filter>源文件</Filter>
    </ClCompile>
    <ClCompile Include="user\hxnet-protocol.c">
      <Filter>源文件</Filter>
    </ClCompile>
    <ClCompile Include="user\json_do.c">
      <Filter>源文件</Filter>
    </ClCompile>
    <ClCompile Include="user\urlcode.c">
      <Filter>http</Filter>
    </ClCompile>
    <ClCompile Include="user\http_serv.c">
      <Filter>http</Filter>
    </ClCompile>
    <ClCompile Include="user\webPageAP.c">
      <Filter>源文件</Filter>
    </ClCompile>
    <ClCompile Include="user\JsonErrAP.c">
      <Filter>源文件</Filter>
    </ClCompile>
  </ItemGroup>
</Project>